
Microsoft Visual Studio Solution File, Format Version 12.00
# Visual Studio Version 17
VisualStudioVersion = 17.0.31903.59
MinimumVisualStudioVersion = 10.0.40219.1
Project("{2150E333-8FDC-42A3-9474-1A3956D46DE8}") = "src", "src", "{827E0CD3-B72D-47B6-A68D-7590B98EB39B}"
EndProject
Project("{2150E333-8FDC-42A3-9474-1A3956D46DE8}") = "Solution Items", "Solution Items", "{8EC462FD-D22E-90A8-E5CE-7E832BA40C5D}"
	ProjectSection(SolutionItems) = preProject
		.editorconfig = .editorconfig
		.gitignore = .gitignore
		LICENSE = LICENSE
		README.md = README.md
	EndProjectSection
EndProject
Project("{FAE04EC0-301F-11D3-BF4B-00C04F79EFBC}") = "DesignPatterns.Tests", "tests\DesignPatterns.Tests\DesignPatterns.Tests.csproj", "{C7130805-09EA-42B6-BA72-624A5FAB67A5}"
EndProject
Project("{2150E333-8FDC-42A3-9474-1A3956D46DE8}") = "tests", "tests", "{40EC1DEB-53A1-4176-95EB-F2534AD8B30D}"
EndProject
Project("{2150E333-8FDC-42A3-9474-1A3956D46DE8}") = "Patterns", "Patterns", "{3339FF2E-87F5-4E16-A28E-11E5515FECE4}"
EndProject
Project("{2150E333-8FDC-42A3-9474-1A3956D46DE8}") = "Creational", "Creational", "{10C18343-0370-9BB8-F3BF-6076A8A6B590}"
EndProject
Project("{FAE04EC0-301F-11D3-BF4B-00C04F79EFBC}") = "FactoryMethod", "src\Patterns\Creational\FactoryMethod\FactoryMethod.csproj", "{38046E88-11C2-4E94-9BC8-97316B07EE59}"
EndProject
Project("{FAE04EC0-301F-11D3-BF4B-00C04F79EFBC}") = "AbstractFactory", "src\Patterns\Creational\AbstractFactory\AbstractFactory.csproj", "{D6AE065B-8BD1-498C-B82D-D08A04B28CD9}"
EndProject
Project("{FAE04EC0-301F-11D3-BF4B-00C04F79EFBC}") = "Prototype", "src\Patterns\Creational\Prototype\Prototype.csproj", "{286F4D8E-02F1-48F1-9F90-011A43D6C571}"
EndProject
Project("{FAE04EC0-301F-11D3-BF4B-00C04F79EFBC}") = "Singleton", "src\Patterns\Creational\Singleton\Singleton.csproj", "{5A3B7E3C-908D-47FB-9813-082ECFE58D4C}"
EndProject
Project("{FAE04EC0-301F-11D3-BF4B-00C04F79EFBC}") = "Builder", "src\Patterns\Creational\Builder\Builder.csproj", "{465960EF-5C8E-41D8-AA0D-23A51CD7E709}"
EndProject
Project("{2150E333-8FDC-42A3-9474-1A3956D46DE8}") = "Structural", "Structural", "{9D18AC7C-C2DB-05D2-3EBA-A2BDD0064BEF}"
EndProject
Project("{FAE04EC0-301F-11D3-BF4B-00C04F79EFBC}") = "Facade", "src\Patterns\Structural\Facade\Facade.csproj", "{5005CFCE-B540-4C3C-8E7C-56F4C2F362B8}"
EndProject
Project("{FAE04EC0-301F-11D3-BF4B-00C04F79EFBC}") = "Adapter", "src\Patterns\Structural\Adapter\Adapter.csproj", "{2C21E11E-2AA9-4EC6-8640-5A5770ED22E3}"
EndProject
Project("{FAE04EC0-301F-11D3-BF4B-00C04F79EFBC}") = "Bridge", "src\Patterns\Structural\Bridge\Bridge.csproj", "{0ECBB616-C100-4125-99D8-EE6A65DC7C33}"
EndProject
Project("{FAE04EC0-301F-11D3-BF4B-00C04F79EFBC}") = "Decorator", "src\Patterns\Structural\Decorator\Decorator.csproj", "{32B2EF6F-B148-4AA4-A51C-1580B52D73E7}"
EndProject
Project("{2150E333-8FDC-42A3-9474-1A3956D46DE8}") = "Behavioural", "Behavioural", "{ED4C9546-4168-8B98-1FD2-B05E68F90777}"
EndProject
Project("{FAE04EC0-301F-11D3-BF4B-00C04F79EFBC}") = "Observer", "src\Patterns\Behavioural\Observer\Observer.csproj", "{F08DD4C9-FE82-4089-9F40-DCE3B6E74BFF}"
EndProject
Project("{FAE04EC0-301F-11D3-BF4B-00C04F79EFBC}") = "State", "src\Patterns\Behavioural\State\State.csproj", "{03331178-272D-4ABE-82A0-131714EE8A92}"
EndProject
Project("{FAE04EC0-301F-11D3-BF4B-00C04F79EFBC}") = "Strategy", "src\Patterns\Behavioural\Strategy\Strategy.csproj", "{59ABBCE7-F78F-413A-AABD-621B636B5FF8}"
EndProject
Project("{FAE04EC0-301F-11D3-BF4B-00C04F79EFBC}") = "RulesEngine", "src\Patterns\Behavioural\RulesEngine\RulesEngine.csproj", "{55D92B39-F5CD-417D-831E-7D7E59E9A2C6}"
EndProject
Project("{FAE04EC0-301F-11D3-BF4B-00C04F79EFBC}") = "TemplateMethod", "src\Patterns\Behavioural\TemplateMethod\TemplateMethod.csproj", "{1B03F108-0FC7-42B0-8633-85D890754332}"
EndProject
Project("{2150E333-8FDC-42A3-9474-1A3956D46DE8}") = "clients", "clients", "{00B920E4-100F-D869-D8B1-04B3A2ED45DA}"
EndProject
Project("{FAE04EC0-301F-11D3-BF4B-00C04F79EFBC}") = "ConsoleClient", "src\clients\ConsoleClient\ConsoleClient.csproj", "{809FBF2D-9F11-4763-85A1-8374C8F26A7F}"
EndProject
Project("{2150E333-8FDC-42A3-9474-1A3956D46DE8}") = "EnterprisePatterns", "EnterprisePatterns", "{9356A71F-4202-B241-CE2B-9A632B7FE6CF}"
EndProject
Project("{FAE04EC0-301F-11D3-BF4B-00C04F79EFBC}") = "EnterprisePatterns", "src\Patterns\EnterprisePatterns\EnterprisePatterns\EnterprisePatterns.csproj", "{7D4E6651-EFAF-4CA3-8548-CD530131DED8}"
EndProject
Global
	GlobalSection(SolutionConfigurationPlatforms) = preSolution
		Debug|Any CPU = Debug|Any CPU
		Debug|x64 = Debug|x64
		Debug|x86 = Debug|x86
		Release|Any CPU = Release|Any CPU
		Release|x64 = Release|x64
		Release|x86 = Release|x86
	EndGlobalSection
	GlobalSection(ProjectConfigurationPlatforms) = postSolution
		{C7130805-09EA-42B6-BA72-624A5FAB67A5}.Debug|Any CPU.ActiveCfg = Debug|Any CPU
		{C7130805-09EA-42B6-BA72-624A5FAB67A5}.Debug|Any CPU.Build.0 = Debug|Any CPU
		{C7130805-09EA-42B6-BA72-624A5FAB67A5}.Debug|x64.ActiveCfg = Debug|Any CPU
		{C7130805-09EA-42B6-BA72-624A5FAB67A5}.Debug|x64.Build.0 = Debug|Any CPU
		{C7130805-09EA-42B6-BA72-624A5FAB67A5}.Debug|x86.ActiveCfg = Debug|Any CPU
		{C7130805-09EA-42B6-BA72-624A5FAB67A5}.Debug|x86.Build.0 = Debug|Any CPU
		{C7130805-09EA-42B6-BA72-624A5FAB67A5}.Release|Any CPU.ActiveCfg = Release|Any CPU
		{C7130805-09EA-42B6-BA72-624A5FAB67A5}.Release|Any CPU.Build.0 = Release|Any CPU
		{C7130805-09EA-42B6-BA72-624A5FAB67A5}.Release|x64.ActiveCfg = Release|Any CPU
		{C7130805-09EA-42B6-BA72-624A5FAB67A5}.Release|x64.Build.0 = Release|Any CPU
		{C7130805-09EA-42B6-BA72-624A5FAB67A5}.Release|x86.ActiveCfg = Release|Any CPU
		{C7130805-09EA-42B6-BA72-624A5FAB67A5}.Release|x86.Build.0 = Release|Any CPU
		{38046E88-11C2-4E94-9BC8-97316B07EE59}.Debug|Any CPU.ActiveCfg = Debug|Any CPU
		{38046E88-11C2-4E94-9BC8-97316B07EE59}.Debug|Any CPU.Build.0 = Debug|Any CPU
		{38046E88-11C2-4E94-9BC8-97316B07EE59}.Debug|x64.ActiveCfg = Debug|Any CPU
		{38046E88-11C2-4E94-9BC8-97316B07EE59}.Debug|x64.Build.0 = Debug|Any CPU
		{38046E88-11C2-4E94-9BC8-97316B07EE59}.Debug|x86.ActiveCfg = Debug|Any CPU
		{38046E88-11C2-4E94-9BC8-97316B07EE59}.Debug|x86.Build.0 = Debug|Any CPU
		{38046E88-11C2-4E94-9BC8-97316B07EE59}.Release|Any CPU.ActiveCfg = Release|Any CPU
		{38046E88-11C2-4E94-9BC8-97316B07EE59}.Release|Any CPU.Build.0 = Release|Any CPU
		{38046E88-11C2-4E94-9BC8-97316B07EE59}.Release|x64.ActiveCfg = Release|Any CPU
		{38046E88-11C2-4E94-9BC8-97316B07EE59}.Release|x64.Build.0 = Release|Any CPU
		{38046E88-11C2-4E94-9BC8-97316B07EE59}.Release|x86.ActiveCfg = Release|Any CPU
		{38046E88-11C2-4E94-9BC8-97316B07EE59}.Release|x86.Build.0 = Release|Any CPU
		{D6AE065B-8BD1-498C-B82D-D08A04B28CD9}.Debug|Any CPU.ActiveCfg = Debug|Any CPU
		{D6AE065B-8BD1-498C-B82D-D08A04B28CD9}.Debug|Any CPU.Build.0 = Debug|Any CPU
		{D6AE065B-8BD1-498C-B82D-D08A04B28CD9}.Debug|x64.ActiveCfg = Debug|Any CPU
		{D6AE065B-8BD1-498C-B82D-D08A04B28CD9}.Debug|x64.Build.0 = Debug|Any CPU
		{D6AE065B-8BD1-498C-B82D-D08A04B28CD9}.Debug|x86.ActiveCfg = Debug|Any CPU
		{D6AE065B-8BD1-498C-B82D-D08A04B28CD9}.Debug|x86.Build.0 = Debug|Any CPU
		{D6AE065B-8BD1-498C-B82D-D08A04B28CD9}.Release|Any CPU.ActiveCfg = Release|Any CPU
		{D6AE065B-8BD1-498C-B82D-D08A04B28CD9}.Release|Any CPU.Build.0 = Release|Any CPU
		{D6AE065B-8BD1-498C-B82D-D08A04B28CD9}.Release|x64.ActiveCfg = Release|Any CPU
		{D6AE065B-8BD1-498C-B82D-D08A04B28CD9}.Release|x64.Build.0 = Release|Any CPU
		{D6AE065B-8BD1-498C-B82D-D08A04B28CD9}.Release|x86.ActiveCfg = Release|Any CPU
		{D6AE065B-8BD1-498C-B82D-D08A04B28CD9}.Release|x86.Build.0 = Release|Any CPU
		{286F4D8E-02F1-48F1-9F90-011A43D6C571}.Debug|Any CPU.ActiveCfg = Debug|Any CPU
		{286F4D8E-02F1-48F1-9F90-011A43D6C571}.Debug|Any CPU.Build.0 = Debug|Any CPU
		{286F4D8E-02F1-48F1-9F90-011A43D6C571}.Debug|x64.ActiveCfg = Debug|Any CPU
		{286F4D8E-02F1-48F1-9F90-011A43D6C571}.Debug|x64.Build.0 = Debug|Any CPU
		{286F4D8E-02F1-48F1-9F90-011A43D6C571}.Debug|x86.ActiveCfg = Debug|Any CPU
		{286F4D8E-02F1-48F1-9F90-011A43D6C571}.Debug|x86.Build.0 = Debug|Any CPU
		{286F4D8E-02F1-48F1-9F90-011A43D6C571}.Release|Any CPU.ActiveCfg = Release|Any CPU
		{286F4D8E-02F1-48F1-9F90-011A43D6C571}.Release|Any CPU.Build.0 = Release|Any CPU
		{286F4D8E-02F1-48F1-9F90-011A43D6C571}.Release|x64.ActiveCfg = Release|Any CPU
		{286F4D8E-02F1-48F1-9F90-011A43D6C571}.Release|x64.Build.0 = Release|Any CPU
		{286F4D8E-02F1-48F1-9F90-011A43D6C571}.Release|x86.ActiveCfg = Release|Any CPU
		{286F4D8E-02F1-48F1-9F90-011A43D6C571}.Release|x86.Build.0 = Release|Any CPU
		{5A3B7E3C-908D-47FB-9813-082ECFE58D4C}.Debug|Any CPU.ActiveCfg = Debug|Any CPU
		{5A3B7E3C-908D-47FB-9813-082ECFE58D4C}.Debug|Any CPU.Build.0 = Debug|Any CPU
		{5A3B7E3C-908D-47FB-9813-082ECFE58D4C}.Debug|x64.ActiveCfg = Debug|Any CPU
		{5A3B7E3C-908D-47FB-9813-082ECFE58D4C}.Debug|x64.Build.0 = Debug|Any CPU
		{5A3B7E3C-908D-47FB-9813-082ECFE58D4C}.Debug|x86.ActiveCfg = Debug|Any CPU
		{5A3B7E3C-908D-47FB-9813-082ECFE58D4C}.Debug|x86.Build.0 = Debug|Any CPU
		{5A3B7E3C-908D-47FB-9813-082ECFE58D4C}.Release|Any CPU.ActiveCfg = Release|Any CPU
		{5A3B7E3C-908D-47FB-9813-082ECFE58D4C}.Release|Any CPU.Build.0 = Release|Any CPU
		{5A3B7E3C-908D-47FB-9813-082ECFE58D4C}.Release|x64.ActiveCfg = Release|Any CPU
		{5A3B7E3C-908D-47FB-9813-082ECFE58D4C}.Release|x64.Build.0 = Release|Any CPU
		{5A3B7E3C-908D-47FB-9813-082ECFE58D4C}.Release|x86.ActiveCfg = Release|Any CPU
		{5A3B7E3C-908D-47FB-9813-082ECFE58D4C}.Release|x86.Build.0 = Release|Any CPU
		{465960EF-5C8E-41D8-AA0D-23A51CD7E709}.Debug|Any CPU.ActiveCfg = Debug|Any CPU
		{465960EF-5C8E-41D8-AA0D-23A51CD7E709}.Debug|Any CPU.Build.0 = Debug|Any CPU
		{465960EF-5C8E-41D8-AA0D-23A51CD7E709}.Debug|x64.ActiveCfg = Debug|Any CPU
		{465960EF-5C8E-41D8-AA0D-23A51CD7E709}.Debug|x64.Build.0 = Debug|Any CPU
		{465960EF-5C8E-41D8-AA0D-23A51CD7E709}.Debug|x86.ActiveCfg = Debug|Any CPU
		{465960EF-5C8E-41D8-AA0D-23A51CD7E709}.Debug|x86.Build.0 = Debug|Any CPU
		{465960EF-5C8E-41D8-AA0D-23A51CD7E709}.Release|Any CPU.ActiveCfg = Release|Any CPU
		{465960EF-5C8E-41D8-AA0D-23A51CD7E709}.Release|Any CPU.Build.0 = Release|Any CPU
		{465960EF-5C8E-41D8-AA0D-23A51CD7E709}.Release|x64.ActiveCfg = Release|Any CPU
		{465960EF-5C8E-41D8-AA0D-23A51CD7E709}.Release|x64.Build.0 = Release|Any CPU
		{465960EF-5C8E-41D8-AA0D-23A51CD7E709}.Release|x86.ActiveCfg = Release|Any CPU
		{465960EF-5C8E-41D8-AA0D-23A51CD7E709}.Release|x86.Build.0 = Release|Any CPU
		{5005CFCE-B540-4C3C-8E7C-56F4C2F362B8}.Debug|Any CPU.ActiveCfg = Debug|Any CPU
		{5005CFCE-B540-4C3C-8E7C-56F4C2F362B8}.Debug|Any CPU.Build.0 = Debug|Any CPU
		{5005CFCE-B540-4C3C-8E7C-56F4C2F362B8}.Debug|x64.ActiveCfg = Debug|Any CPU
		{5005CFCE-B540-4C3C-8E7C-56F4C2F362B8}.Debug|x64.Build.0 = Debug|Any CPU
		{5005CFCE-B540-4C3C-8E7C-56F4C2F362B8}.Debug|x86.ActiveCfg = Debug|Any CPU
		{5005CFCE-B540-4C3C-8E7C-56F4C2F362B8}.Debug|x86.Build.0 = Debug|Any CPU
		{5005CFCE-B540-4C3C-8E7C-56F4C2F362B8}.Release|Any CPU.ActiveCfg = Release|Any CPU
		{5005CFCE-B540-4C3C-8E7C-56F4C2F362B8}.Release|Any CPU.Build.0 = Release|Any CPU
		{5005CFCE-B540-4C3C-8E7C-56F4C2F362B8}.Release|x64.ActiveCfg = Release|Any CPU
		{5005CFCE-B540-4C3C-8E7C-56F4C2F362B8}.Release|x64.Build.0 = Release|Any CPU
		{5005CFCE-B540-4C3C-8E7C-56F4C2F362B8}.Release|x86.ActiveCfg = Release|Any CPU
		{5005CFCE-B540-4C3C-8E7C-56F4C2F362B8}.Release|x86.Build.0 = Release|Any CPU
		{2C21E11E-2AA9-4EC6-8640-5A5770ED22E3}.Debug|Any CPU.ActiveCfg = Debug|Any CPU
		{2C21E11E-2AA9-4EC6-8640-5A5770ED22E3}.Debug|Any CPU.Build.0 = Debug|Any CPU
		{2C21E11E-2AA9-4EC6-8640-5A5770ED22E3}.Debug|x64.ActiveCfg = Debug|Any CPU
		{2C21E11E-2AA9-4EC6-8640-5A5770ED22E3}.Debug|x64.Build.0 = Debug|Any CPU
		{2C21E11E-2AA9-4EC6-8640-5A5770ED22E3}.Debug|x86.ActiveCfg = Debug|Any CPU
		{2C21E11E-2AA9-4EC6-8640-5A5770ED22E3}.Debug|x86.Build.0 = Debug|Any CPU
		{2C21E11E-2AA9-4EC6-8640-5A5770ED22E3}.Release|Any CPU.ActiveCfg = Release|Any CPU
		{2C21E11E-2AA9-4EC6-8640-5A5770ED22E3}.Release|Any CPU.Build.0 = Release|Any CPU
		{2C21E11E-2AA9-4EC6-8640-5A5770ED22E3}.Release|x64.ActiveCfg = Release|Any CPU
		{2C21E11E-2AA9-4EC6-8640-5A5770ED22E3}.Release|x64.Build.0 = Release|Any CPU
		{2C21E11E-2AA9-4EC6-8640-5A5770ED22E3}.Release|x86.ActiveCfg = Release|Any CPU
		{2C21E11E-2AA9-4EC6-8640-5A5770ED22E3}.Release|x86.Build.0 = Release|Any CPU
		{0ECBB616-C100-4125-99D8-EE6A65DC7C33}.Debug|Any CPU.ActiveCfg = Debug|Any CPU
		{0ECBB616-C100-4125-99D8-EE6A65DC7C33}.Debug|Any CPU.Build.0 = Debug|Any CPU
		{0ECBB616-C100-4125-99D8-EE6A65DC7C33}.Debug|x64.ActiveCfg = Debug|Any CPU
		{0ECBB616-C100-4125-99D8-EE6A65DC7C33}.Debug|x64.Build.0 = Debug|Any CPU
		{0ECBB616-C100-4125-99D8-EE6A65DC7C33}.Debug|x86.ActiveCfg = Debug|Any CPU
		{0ECBB616-C100-4125-99D8-EE6A65DC7C33}.Debug|x86.Build.0 = Debug|Any CPU
		{0ECBB616-C100-4125-99D8-EE6A65DC7C33}.Release|Any CPU.ActiveCfg = Release|Any CPU
		{0ECBB616-C100-4125-99D8-EE6A65DC7C33}.Release|Any CPU.Build.0 = Release|Any CPU
		{0ECBB616-C100-4125-99D8-EE6A65DC7C33}.Release|x64.ActiveCfg = Release|Any CPU
		{0ECBB616-C100-4125-99D8-EE6A65DC7C33}.Release|x64.Build.0 = Release|Any CPU
		{0ECBB616-C100-4125-99D8-EE6A65DC7C33}.Release|x86.ActiveCfg = Release|Any CPU
		{0ECBB616-C100-4125-99D8-EE6A65DC7C33}.Release|x86.Build.0 = Release|Any CPU
		{32B2EF6F-B148-4AA4-A51C-1580B52D73E7}.Debug|Any CPU.ActiveCfg = Debug|Any CPU
		{32B2EF6F-B148-4AA4-A51C-1580B52D73E7}.Debug|Any CPU.Build.0 = Debug|Any CPU
		{32B2EF6F-B148-4AA4-A51C-1580B52D73E7}.Debug|x64.ActiveCfg = Debug|Any CPU
		{32B2EF6F-B148-4AA4-A51C-1580B52D73E7}.Debug|x64.Build.0 = Debug|Any CPU
		{32B2EF6F-B148-4AA4-A51C-1580B52D73E7}.Debug|x86.ActiveCfg = Debug|Any CPU
		{32B2EF6F-B148-4AA4-A51C-1580B52D73E7}.Debug|x86.Build.0 = Debug|Any CPU
		{32B2EF6F-B148-4AA4-A51C-1580B52D73E7}.Release|Any CPU.ActiveCfg = Release|Any CPU
		{32B2EF6F-B148-4AA4-A51C-1580B52D73E7}.Release|Any CPU.Build.0 = Release|Any CPU
		{32B2EF6F-B148-4AA4-A51C-1580B52D73E7}.Release|x64.ActiveCfg = Release|Any CPU
		{32B2EF6F-B148-4AA4-A51C-1580B52D73E7}.Release|x64.Build.0 = Release|Any CPU
		{32B2EF6F-B148-4AA4-A51C-1580B52D73E7}.Release|x86.ActiveCfg = Release|Any CPU
		{32B2EF6F-B148-4AA4-A51C-1580B52D73E7}.Release|x86.Build.0 = Release|Any CPU
		{F08DD4C9-FE82-4089-9F40-DCE3B6E74BFF}.Debug|Any CPU.ActiveCfg = Debug|Any CPU
		{F08DD4C9-FE82-4089-9F40-DCE3B6E74BFF}.Debug|Any CPU.Build.0 = Debug|Any CPU
		{F08DD4C9-FE82-4089-9F40-DCE3B6E74BFF}.Debug|x64.ActiveCfg = Debug|Any CPU
		{F08DD4C9-FE82-4089-9F40-DCE3B6E74BFF}.Debug|x64.Build.0 = Debug|Any CPU
		{F08DD4C9-FE82-4089-9F40-DCE3B6E74BFF}.Debug|x86.ActiveCfg = Debug|Any CPU
		{F08DD4C9-FE82-4089-9F40-DCE3B6E74BFF}.Debug|x86.Build.0 = Debug|Any CPU
		{F08DD4C9-FE82-4089-9F40-DCE3B6E74BFF}.Release|Any CPU.ActiveCfg = Release|Any CPU
		{F08DD4C9-FE82-4089-9F40-DCE3B6E74BFF}.Release|Any CPU.Build.0 = Release|Any CPU
		{F08DD4C9-FE82-4089-9F40-DCE3B6E74BFF}.Release|x64.ActiveCfg = Release|Any CPU
		{F08DD4C9-FE82-4089-9F40-DCE3B6E74BFF}.Release|x64.Build.0 = Release|Any CPU
		{F08DD4C9-FE82-4089-9F40-DCE3B6E74BFF}.Release|x86.ActiveCfg = Release|Any CPU
		{F08DD4C9-FE82-4089-9F40-DCE3B6E74BFF}.Release|x86.Build.0 = Release|Any CPU
		{03331178-272D-4ABE-82A0-131714EE8A92}.Debug|Any CPU.ActiveCfg = Debug|Any CPU
		{03331178-272D-4ABE-82A0-131714EE8A92}.Debug|Any CPU.Build.0 = Debug|Any CPU
		{03331178-272D-4ABE-82A0-131714EE8A92}.Debug|x64.ActiveCfg = Debug|Any CPU
		{03331178-272D-4ABE-82A0-131714EE8A92}.Debug|x64.Build.0 = Debug|Any CPU
		{03331178-272D-4ABE-82A0-131714EE8A92}.Debug|x86.ActiveCfg = Debug|Any CPU
		{03331178-272D-4ABE-82A0-131714EE8A92}.Debug|x86.Build.0 = Debug|Any CPU
		{03331178-272D-4ABE-82A0-131714EE8A92}.Release|Any CPU.ActiveCfg = Release|Any CPU
		{03331178-272D-4ABE-82A0-131714EE8A92}.Release|Any CPU.Build.0 = Release|Any CPU
		{03331178-272D-4ABE-82A0-131714EE8A92}.Release|x64.ActiveCfg = Release|Any CPU
		{03331178-272D-4ABE-82A0-131714EE8A92}.Release|x64.Build.0 = Release|Any CPU
		{03331178-272D-4ABE-82A0-131714EE8A92}.Release|x86.ActiveCfg = Release|Any CPU
		{03331178-272D-4ABE-82A0-131714EE8A92}.Release|x86.Build.0 = Release|Any CPU
		{59ABBCE7-F78F-413A-AABD-621B636B5FF8}.Debug|Any CPU.ActiveCfg = Debug|Any CPU
		{59ABBCE7-F78F-413A-AABD-621B636B5FF8}.Debug|Any CPU.Build.0 = Debug|Any CPU
		{59ABBCE7-F78F-413A-AABD-621B636B5FF8}.Debug|x64.ActiveCfg = Debug|Any CPU
		{59ABBCE7-F78F-413A-AABD-621B636B5FF8}.Debug|x64.Build.0 = Debug|Any CPU
		{59ABBCE7-F78F-413A-AABD-621B636B5FF8}.Debug|x86.ActiveCfg = Debug|Any CPU
		{59ABBCE7-F78F-413A-AABD-621B636B5FF8}.Debug|x86.Build.0 = Debug|Any CPU
		{59ABBCE7-F78F-413A-AABD-621B636B5FF8}.Release|Any CPU.ActiveCfg = Release|Any CPU
		{59ABBCE7-F78F-413A-AABD-621B636B5FF8}.Release|Any CPU.Build.0 = Release|Any CPU
		{59ABBCE7-F78F-413A-AABD-621B636B5FF8}.Release|x64.ActiveCfg = Release|Any CPU
		{59ABBCE7-F78F-413A-AABD-621B636B5FF8}.Release|x64.Build.0 = Release|Any CPU
		{59ABBCE7-F78F-413A-AABD-621B636B5FF8}.Release|x86.ActiveCfg = Release|Any CPU
		{59ABBCE7-F78F-413A-AABD-621B636B5FF8}.Release|x86.Build.0 = Release|Any CPU
		{55D92B39-F5CD-417D-831E-7D7E59E9A2C6}.Debug|Any CPU.ActiveCfg = Debug|Any CPU
		{55D92B39-F5CD-417D-831E-7D7E59E9A2C6}.Debug|Any CPU.Build.0 = Debug|Any CPU
		{55D92B39-F5CD-417D-831E-7D7E59E9A2C6}.Debug|x64.ActiveCfg = Debug|Any CPU
		{55D92B39-F5CD-417D-831E-7D7E59E9A2C6}.Debug|x64.Build.0 = Debug|Any CPU
		{55D92B39-F5CD-417D-831E-7D7E59E9A2C6}.Debug|x86.ActiveCfg = Debug|Any CPU
		{55D92B39-F5CD-417D-831E-7D7E59E9A2C6}.Debug|x86.Build.0 = Debug|Any CPU
		{55D92B39-F5CD-417D-831E-7D7E59E9A2C6}.Release|Any CPU.ActiveCfg = Release|Any CPU
		{55D92B39-F5CD-417D-831E-7D7E59E9A2C6}.Release|Any CPU.Build.0 = Release|Any CPU
		{55D92B39-F5CD-417D-831E-7D7E59E9A2C6}.Release|x64.ActiveCfg = Release|Any CPU
		{55D92B39-F5CD-417D-831E-7D7E59E9A2C6}.Release|x64.Build.0 = Release|Any CPU
		{55D92B39-F5CD-417D-831E-7D7E59E9A2C6}.Release|x86.ActiveCfg = Release|Any CPU
		{55D92B39-F5CD-417D-831E-7D7E59E9A2C6}.Release|x86.Build.0 = Release|Any CPU
		{1B03F108-0FC7-42B0-8633-85D890754332}.Debug|Any CPU.ActiveCfg = Debug|Any CPU
		{1B03F108-0FC7-42B0-8633-85D890754332}.Debug|Any CPU.Build.0 = Debug|Any CPU
		{1B03F108-0FC7-42B0-8633-85D890754332}.Debug|x64.ActiveCfg = Debug|Any CPU
		{1B03F108-0FC7-42B0-8633-85D890754332}.Debug|x64.Build.0 = Debug|Any CPU
		{1B03F108-0FC7-42B0-8633-85D890754332}.Debug|x86.ActiveCfg = Debug|Any CPU
		{1B03F108-0FC7-42B0-8633-85D890754332}.Debug|x86.Build.0 = Debug|Any CPU
		{1B03F108-0FC7-42B0-8633-85D890754332}.Release|Any CPU.ActiveCfg = Release|Any CPU
		{1B03F108-0FC7-42B0-8633-85D890754332}.Release|Any CPU.Build.0 = Release|Any CPU
		{1B03F108-0FC7-42B0-8633-85D890754332}.Release|x64.ActiveCfg = Release|Any CPU
		{1B03F108-0FC7-42B0-8633-85D890754332}.Release|x64.Build.0 = Release|Any CPU
		{1B03F108-0FC7-42B0-8633-85D890754332}.Release|x86.ActiveCfg = Release|Any CPU
		{1B03F108-0FC7-42B0-8633-85D890754332}.Release|x86.Build.0 = Release|Any CPU
		{809FBF2D-9F11-4763-85A1-8374C8F26A7F}.Debug|Any CPU.ActiveCfg = Debug|Any CPU
		{809FBF2D-9F11-4763-85A1-8374C8F26A7F}.Debug|Any CPU.Build.0 = Debug|Any CPU
		{809FBF2D-9F11-4763-85A1-8374C8F26A7F}.Debug|x64.ActiveCfg = Debug|Any CPU
		{809FBF2D-9F11-4763-85A1-8374C8F26A7F}.Debug|x64.Build.0 = Debug|Any CPU
		{809FBF2D-9F11-4763-85A1-8374C8F26A7F}.Debug|x86.ActiveCfg = Debug|Any CPU
		{809FBF2D-9F11-4763-85A1-8374C8F26A7F}.Debug|x86.Build.0 = Debug|Any CPU
		{809FBF2D-9F11-4763-85A1-8374C8F26A7F}.Release|Any CPU.ActiveCfg = Release|Any CPU
		{809FBF2D-9F11-4763-85A1-8374C8F26A7F}.Release|Any CPU.Build.0 = Release|Any CPU
		{809FBF2D-9F11-4763-85A1-8374C8F26A7F}.Release|x64.ActiveCfg = Release|Any CPU
		{809FBF2D-9F11-4763-85A1-8374C8F26A7F}.Release|x64.Build.0 = Release|Any CPU
		{809FBF2D-9F11-4763-85A1-8374C8F26A7F}.Release|x86.ActiveCfg = Release|Any CPU
		{809FBF2D-9F11-4763-85A1-8374C8F26A7F}.Release|x86.Build.0 = Release|Any CPU
		{7D4E6651-EFAF-4CA3-8548-CD530131DED8}.Debug|Any CPU.ActiveCfg = Debug|Any CPU
		{7D4E6651-EFAF-4CA3-8548-CD530131DED8}.Debug|Any CPU.Build.0 = Debug|Any CPU
		{7D4E6651-EFAF-4CA3-8548-CD530131DED8}.Debug|x64.ActiveCfg = Debug|Any CPU
		{7D4E6651-EFAF-4CA3-8548-CD530131DED8}.Debug|x64.Build.0 = Debug|Any CPU
		{7D4E6651-EFAF-4CA3-8548-CD530131DED8}.Debug|x86.ActiveCfg = Debug|Any CPU
		{7D4E6651-EFAF-4CA3-8548-CD530131DED8}.Debug|x86.Build.0 = Debug|Any CPU
		{7D4E6651-EFAF-4CA3-8548-CD530131DED8}.Release|Any CPU.ActiveCfg = Release|Any CPU
		{7D4E6651-EFAF-4CA3-8548-CD530131DED8}.Release|Any CPU.Build.0 = Release|Any CPU
		{7D4E6651-EFAF-4CA3-8548-CD530131DED8}.Release|x64.ActiveCfg = Release|Any CPU
		{7D4E6651-EFAF-4CA3-8548-CD530131DED8}.Release|x64.Build.0 = Release|Any CPU
		{7D4E6651-EFAF-4CA3-8548-CD530131DED8}.Release|x86.ActiveCfg = Release|Any CPU
		{7D4E6651-EFAF-4CA3-8548-CD530131DED8}.Release|x86.Build.0 = Release|Any CPU
	EndGlobalSection
	GlobalSection(SolutionProperties) = preSolution
		HideSolutionNode = FALSE
	EndGlobalSection
	GlobalSection(NestedProjects) = preSolution
		{C7130805-09EA-42B6-BA72-624A5FAB67A5} = {40EC1DEB-53A1-4176-95EB-F2534AD8B30D}
		{3339FF2E-87F5-4E16-A28E-11E5515FECE4} = {827E0CD3-B72D-47B6-A68D-7590B98EB39B}
		{10C18343-0370-9BB8-F3BF-6076A8A6B590} = {3339FF2E-87F5-4E16-A28E-11E5515FECE4}
		{38046E88-11C2-4E94-9BC8-97316B07EE59} = {10C18343-0370-9BB8-F3BF-6076A8A6B590}
		{D6AE065B-8BD1-498C-B82D-D08A04B28CD9} = {10C18343-0370-9BB8-F3BF-6076A8A6B590}
		{286F4D8E-02F1-48F1-9F90-011A43D6C571} = {10C18343-0370-9BB8-F3BF-6076A8A6B590}
		{5A3B7E3C-908D-47FB-9813-082ECFE58D4C} = {10C18343-0370-9BB8-F3BF-6076A8A6B590}
		{465960EF-5C8E-41D8-AA0D-23A51CD7E709} = {10C18343-0370-9BB8-F3BF-6076A8A6B590}
		{9D18AC7C-C2DB-05D2-3EBA-A2BDD0064BEF} = {3339FF2E-87F5-4E16-A28E-11E5515FECE4}
		{5005CFCE-B540-4C3C-8E7C-56F4C2F362B8} = {9D18AC7C-C2DB-05D2-3EBA-A2BDD0064BEF}
		{2C21E11E-2AA9-4EC6-8640-5A5770ED22E3} = {9D18AC7C-C2DB-05D2-3EBA-A2BDD0064BEF}
		{0ECBB616-C100-4125-99D8-EE6A65DC7C33} = {9D18AC7C-C2DB-05D2-3EBA-A2BDD0064BEF}
		{32B2EF6F-B148-4AA4-A51C-1580B52D73E7} = {9D18AC7C-C2DB-05D2-3EBA-A2BDD0064BEF}
		{ED4C9546-4168-8B98-1FD2-B05E68F90777} = {3339FF2E-87F5-4E16-A28E-11E5515FECE4}
		{F08DD4C9-FE82-4089-9F40-DCE3B6E74BFF} = {ED4C9546-4168-8B98-1FD2-B05E68F90777}
		{03331178-272D-4ABE-82A0-131714EE8A92} = {ED4C9546-4168-8B98-1FD2-B05E68F90777}
		{59ABBCE7-F78F-413A-AABD-621B636B5FF8} = {ED4C9546-4168-8B98-1FD2-B05E68F90777}
		{55D92B39-F5CD-417D-831E-7D7E59E9A2C6} = {ED4C9546-4168-8B98-1FD2-B05E68F90777}
		{1B03F108-0FC7-42B0-8633-85D890754332} = {ED4C9546-4168-8B98-1FD2-B05E68F90777}
		{00B920E4-100F-D869-D8B1-04B3A2ED45DA} = {827E0CD3-B72D-47B6-A68D-7590B98EB39B}
		{809FBF2D-9F11-4763-85A1-8374C8F26A7F} = {00B920E4-100F-D869-D8B1-04B3A2ED45DA}
		{9356A71F-4202-B241-CE2B-9A632B7FE6CF} = {3339FF2E-87F5-4E16-A28E-11E5515FECE4}
		{7D4E6651-EFAF-4CA3-8548-CD530131DED8} = {9356A71F-4202-B241-CE2B-9A632B7FE6CF}
	EndGlobalSection
	GlobalSection(ExtensibilityGlobals) = postSolution
		SolutionGuid = {5C3E331F-D6FC-47D6-A075-2FAAB6B3B085}
	EndGlobalSection
EndGlobal
