
Microsoft Visual Studio Solution File, Format Version 12.00
# Visual Studio Version 17
VisualStudioVersion = 17.0.31903.59
MinimumVisualStudioVersion = 10.0.40219.1
Project("{2150E333-8FDC-42A3-9474-1A3956D46DE8}") = "src", "src", "{827E0CD3-B72D-47B6-A68D-7590B98EB39B}"
EndProject
Project("{FAE04EC0-301F-11D3-BF4B-00C04F79EFBC}") = "Builder", "src\Builder\Builder.csproj", "{0BD95622-57BA-446D-B1E2-CAE7AA69F62D}"
EndProject
Project("{2150E333-8FDC-42A3-9474-1A3956D46DE8}") = "clients", "clients", "{9123F88B-E531-3118-42D7-ED8CEF4BD00E}"
EndProject
Project("{FAE04EC0-301F-11D3-BF4B-00C04F79EFBC}") = "BuilderClient", "clients\BuilderClient\BuilderClient.csproj", "{D0D74181-296E-4218-A4B0-0F0405EEED0D}"
EndProject
Project("{FAE04EC0-301F-11D3-BF4B-00C04F79EFBC}") = "FactoryMethod", "src\FactoryMethod\FactoryMethod.csproj", "{188B82C3-9AAF-4806-BC5E-BB4FF95E7AD1}"
EndProject
Project("{FAE04EC0-301F-11D3-BF4B-00C04F79EFBC}") = "FactoryMethodClient", "clients\FactoryMethodClient\FactoryMethodClient.csproj", "{1B7CF385-B710-4F51-ACFE-3DF9E0180906}"
EndProject
Project("{FAE04EC0-301F-11D3-BF4B-00C04F79EFBC}") = "Facade", "src\Facade\Facade.csproj", "{32D7848B-BE31-4CBC-A829-B5FE6F429F61}"
EndProject
Project("{FAE04EC0-301F-11D3-BF4B-00C04F79EFBC}") = "FacadeClient", "clients\FacadeClient\FacadeClient.csproj", "{1D3734A0-8D77-4CBE-A700-D98D96CC6D0A}"
EndProject
Project("{FAE04EC0-301F-11D3-BF4B-00C04F79EFBC}") = "Adapter", "src\Adapter\Adapter.csproj", "{2091FB45-9225-48D6-8EA3-DBC5A55DDBC8}"
EndProject
Project("{FAE04EC0-301F-11D3-BF4B-00C04F79EFBC}") = "AdapterClient", "clients\AdapterClient\AdapterClient.csproj", "{F5555B0D-C1B3-4408-9098-EC773629F7B5}"
EndProject
Project("{2150E333-8FDC-42A3-9474-1A3956D46DE8}") = "Behavioural", "Behavioural", "{5F06BBCD-3BB7-91E0-C8ED-BC7E03BE1E38}"
EndProject
Project("{FAE04EC0-301F-11D3-BF4B-00C04F79EFBC}") = "Observer", "src\Behavioural\Observer\Observer.csproj", "{4F17209C-A87B-448C-94DA-E8A7F4D4888F}"
EndProject
Project("{FAE04EC0-301F-11D3-BF4B-00C04F79EFBC}") = "ConsoleClient", "clients\ConsoleClient\ConsoleClient.csproj", "{4D2ACA8F-3BDA-499A-9858-BDCCFB3F61CA}"
EndProject
Project("{2150E333-8FDC-42A3-9474-1A3956D46DE8}") = "Solution Items", "Solution Items", "{8EC462FD-D22E-90A8-E5CE-7E832BA40C5D}"
	ProjectSection(SolutionItems) = preProject
		.gitignore = .gitignore
		LICENSE = LICENSE
		README.md = README.md
	EndProjectSection
EndProject
Project("{FAE04EC0-301F-11D3-BF4B-00C04F79EFBC}") = "Strategy", "src\Behavioural\Strategy\Strategy.csproj", "{6AAA4A38-7024-4620-B6C8-69EFA2221951}"
EndProject
Project("{2150E333-8FDC-42A3-9474-1A3956D46DE8}") = "Structural", "Structural", "{6B5E8DD5-7CDE-5DCD-DBFC-024B64A4D11F}"
EndProject
Project("{FAE04EC0-301F-11D3-BF4B-00C04F79EFBC}") = "Decorator", "src\Structural\Decorator\Decorator.csproj", "{3E9748FD-C7DF-4170-8A04-1C44F40BD630}"
EndProject
Project("{FAE04EC0-301F-11D3-BF4B-00C04F79EFBC}") = "Bridge", "src\Structural\Bridge\Bridge.csproj", "{E8A07BA0-7FE2-4C57-9BF4-09654E0E10C3}"
EndProject
Project("{2150E333-8FDC-42A3-9474-1A3956D46DE8}") = "Creational", "Creational", "{9A059CF2-CB8C-6AD0-B806-FC2A4BC431C3}"
EndProject
Project("{FAE04EC0-301F-11D3-BF4B-00C04F79EFBC}") = "AbstractFactory", "src\Creational\AbstractFactory\AbstractFactory.csproj", "{0E788630-1923-4F68-A5F1-9B02AA6541BA}"
EndProject
Global
	GlobalSection(SolutionConfigurationPlatforms) = preSolution
		Debug|Any CPU = Debug|Any CPU
		Debug|x64 = Debug|x64
		Debug|x86 = Debug|x86
		Release|Any CPU = Release|Any CPU
		Release|x64 = Release|x64
		Release|x86 = Release|x86
	EndGlobalSection
	GlobalSection(ProjectConfigurationPlatforms) = postSolution
		{0BD95622-57BA-446D-B1E2-CAE7AA69F62D}.Debug|Any CPU.ActiveCfg = Debug|Any CPU
		{0BD95622-57BA-446D-B1E2-CAE7AA69F62D}.Debug|Any CPU.Build.0 = Debug|Any CPU
		{0BD95622-57BA-446D-B1E2-CAE7AA69F62D}.Debug|x64.ActiveCfg = Debug|Any CPU
		{0BD95622-57BA-446D-B1E2-CAE7AA69F62D}.Debug|x64.Build.0 = Debug|Any CPU
		{0BD95622-57BA-446D-B1E2-CAE7AA69F62D}.Debug|x86.ActiveCfg = Debug|Any CPU
		{0BD95622-57BA-446D-B1E2-CAE7AA69F62D}.Debug|x86.Build.0 = Debug|Any CPU
		{0BD95622-57BA-446D-B1E2-CAE7AA69F62D}.Release|Any CPU.ActiveCfg = Release|Any CPU
		{0BD95622-57BA-446D-B1E2-CAE7AA69F62D}.Release|Any CPU.Build.0 = Release|Any CPU
		{0BD95622-57BA-446D-B1E2-CAE7AA69F62D}.Release|x64.ActiveCfg = Release|Any CPU
		{0BD95622-57BA-446D-B1E2-CAE7AA69F62D}.Release|x64.Build.0 = Release|Any CPU
		{0BD95622-57BA-446D-B1E2-CAE7AA69F62D}.Release|x86.ActiveCfg = Release|Any CPU
		{0BD95622-57BA-446D-B1E2-CAE7AA69F62D}.Release|x86.Build.0 = Release|Any CPU
		{D0D74181-296E-4218-A4B0-0F0405EEED0D}.Debug|Any CPU.ActiveCfg = Debug|Any CPU
		{D0D74181-296E-4218-A4B0-0F0405EEED0D}.Debug|Any CPU.Build.0 = Debug|Any CPU
		{D0D74181-296E-4218-A4B0-0F0405EEED0D}.Debug|x64.ActiveCfg = Debug|Any CPU
		{D0D74181-296E-4218-A4B0-0F0405EEED0D}.Debug|x64.Build.0 = Debug|Any CPU
		{D0D74181-296E-4218-A4B0-0F0405EEED0D}.Debug|x86.ActiveCfg = Debug|Any CPU
		{D0D74181-296E-4218-A4B0-0F0405EEED0D}.Debug|x86.Build.0 = Debug|Any CPU
		{D0D74181-296E-4218-A4B0-0F0405EEED0D}.Release|Any CPU.ActiveCfg = Release|Any CPU
		{D0D74181-296E-4218-A4B0-0F0405EEED0D}.Release|Any CPU.Build.0 = Release|Any CPU
		{D0D74181-296E-4218-A4B0-0F0405EEED0D}.Release|x64.ActiveCfg = Release|Any CPU
		{D0D74181-296E-4218-A4B0-0F0405EEED0D}.Release|x64.Build.0 = Release|Any CPU
		{D0D74181-296E-4218-A4B0-0F0405EEED0D}.Release|x86.ActiveCfg = Release|Any CPU
		{D0D74181-296E-4218-A4B0-0F0405EEED0D}.Release|x86.Build.0 = Release|Any CPU
		{188B82C3-9AAF-4806-BC5E-BB4FF95E7AD1}.Debug|Any CPU.ActiveCfg = Debug|Any CPU
		{188B82C3-9AAF-4806-BC5E-BB4FF95E7AD1}.Debug|Any CPU.Build.0 = Debug|Any CPU
		{188B82C3-9AAF-4806-BC5E-BB4FF95E7AD1}.Debug|x64.ActiveCfg = Debug|Any CPU
		{188B82C3-9AAF-4806-BC5E-BB4FF95E7AD1}.Debug|x64.Build.0 = Debug|Any CPU
		{188B82C3-9AAF-4806-BC5E-BB4FF95E7AD1}.Debug|x86.ActiveCfg = Debug|Any CPU
		{188B82C3-9AAF-4806-BC5E-BB4FF95E7AD1}.Debug|x86.Build.0 = Debug|Any CPU
		{188B82C3-9AAF-4806-BC5E-BB4FF95E7AD1}.Release|Any CPU.ActiveCfg = Release|Any CPU
		{188B82C3-9AAF-4806-BC5E-BB4FF95E7AD1}.Release|Any CPU.Build.0 = Release|Any CPU
		{188B82C3-9AAF-4806-BC5E-BB4FF95E7AD1}.Release|x64.ActiveCfg = Release|Any CPU
		{188B82C3-9AAF-4806-BC5E-BB4FF95E7AD1}.Release|x64.Build.0 = Release|Any CPU
		{188B82C3-9AAF-4806-BC5E-BB4FF95E7AD1}.Release|x86.ActiveCfg = Release|Any CPU
		{188B82C3-9AAF-4806-BC5E-BB4FF95E7AD1}.Release|x86.Build.0 = Release|Any CPU
		{1B7CF385-B710-4F51-ACFE-3DF9E0180906}.Debug|Any CPU.ActiveCfg = Debug|Any CPU
		{1B7CF385-B710-4F51-ACFE-3DF9E0180906}.Debug|Any CPU.Build.0 = Debug|Any CPU
		{1B7CF385-B710-4F51-ACFE-3DF9E0180906}.Debug|x64.ActiveCfg = Debug|Any CPU
		{1B7CF385-B710-4F51-ACFE-3DF9E0180906}.Debug|x64.Build.0 = Debug|Any CPU
		{1B7CF385-B710-4F51-ACFE-3DF9E0180906}.Debug|x86.ActiveCfg = Debug|Any CPU
		{1B7CF385-B710-4F51-ACFE-3DF9E0180906}.Debug|x86.Build.0 = Debug|Any CPU
		{1B7CF385-B710-4F51-ACFE-3DF9E0180906}.Release|Any CPU.ActiveCfg = Release|Any CPU
		{1B7CF385-B710-4F51-ACFE-3DF9E0180906}.Release|Any CPU.Build.0 = Release|Any CPU
		{1B7CF385-B710-4F51-ACFE-3DF9E0180906}.Release|x64.ActiveCfg = Release|Any CPU
		{1B7CF385-B710-4F51-ACFE-3DF9E0180906}.Release|x64.Build.0 = Release|Any CPU
		{1B7CF385-B710-4F51-ACFE-3DF9E0180906}.Release|x86.ActiveCfg = Release|Any CPU
		{1B7CF385-B710-4F51-ACFE-3DF9E0180906}.Release|x86.Build.0 = Release|Any CPU
		{32D7848B-BE31-4CBC-A829-B5FE6F429F61}.Debug|Any CPU.ActiveCfg = Debug|Any CPU
		{32D7848B-BE31-4CBC-A829-B5FE6F429F61}.Debug|Any CPU.Build.0 = Debug|Any CPU
		{32D7848B-BE31-4CBC-A829-B5FE6F429F61}.Debug|x64.ActiveCfg = Debug|Any CPU
		{32D7848B-BE31-4CBC-A829-B5FE6F429F61}.Debug|x64.Build.0 = Debug|Any CPU
		{32D7848B-BE31-4CBC-A829-B5FE6F429F61}.Debug|x86.ActiveCfg = Debug|Any CPU
		{32D7848B-BE31-4CBC-A829-B5FE6F429F61}.Debug|x86.Build.0 = Debug|Any CPU
		{32D7848B-BE31-4CBC-A829-B5FE6F429F61}.Release|Any CPU.ActiveCfg = Release|Any CPU
		{32D7848B-BE31-4CBC-A829-B5FE6F429F61}.Release|Any CPU.Build.0 = Release|Any CPU
		{32D7848B-BE31-4CBC-A829-B5FE6F429F61}.Release|x64.ActiveCfg = Release|Any CPU
		{32D7848B-BE31-4CBC-A829-B5FE6F429F61}.Release|x64.Build.0 = Release|Any CPU
		{32D7848B-BE31-4CBC-A829-B5FE6F429F61}.Release|x86.ActiveCfg = Release|Any CPU
		{32D7848B-BE31-4CBC-A829-B5FE6F429F61}.Release|x86.Build.0 = Release|Any CPU
		{1D3734A0-8D77-4CBE-A700-D98D96CC6D0A}.Debug|Any CPU.ActiveCfg = Debug|Any CPU
		{1D3734A0-8D77-4CBE-A700-D98D96CC6D0A}.Debug|Any CPU.Build.0 = Debug|Any CPU
		{1D3734A0-8D77-4CBE-A700-D98D96CC6D0A}.Debug|x64.ActiveCfg = Debug|Any CPU
		{1D3734A0-8D77-4CBE-A700-D98D96CC6D0A}.Debug|x64.Build.0 = Debug|Any CPU
		{1D3734A0-8D77-4CBE-A700-D98D96CC6D0A}.Debug|x86.ActiveCfg = Debug|Any CPU
		{1D3734A0-8D77-4CBE-A700-D98D96CC6D0A}.Debug|x86.Build.0 = Debug|Any CPU
		{1D3734A0-8D77-4CBE-A700-D98D96CC6D0A}.Release|Any CPU.ActiveCfg = Release|Any CPU
		{1D3734A0-8D77-4CBE-A700-D98D96CC6D0A}.Release|Any CPU.Build.0 = Release|Any CPU
		{1D3734A0-8D77-4CBE-A700-D98D96CC6D0A}.Release|x64.ActiveCfg = Release|Any CPU
		{1D3734A0-8D77-4CBE-A700-D98D96CC6D0A}.Release|x64.Build.0 = Release|Any CPU
		{1D3734A0-8D77-4CBE-A700-D98D96CC6D0A}.Release|x86.ActiveCfg = Release|Any CPU
		{1D3734A0-8D77-4CBE-A700-D98D96CC6D0A}.Release|x86.Build.0 = Release|Any CPU
		{2091FB45-9225-48D6-8EA3-DBC5A55DDBC8}.Debug|Any CPU.ActiveCfg = Debug|Any CPU
		{2091FB45-9225-48D6-8EA3-DBC5A55DDBC8}.Debug|Any CPU.Build.0 = Debug|Any CPU
		{2091FB45-9225-48D6-8EA3-DBC5A55DDBC8}.Debug|x64.ActiveCfg = Debug|Any CPU
		{2091FB45-9225-48D6-8EA3-DBC5A55DDBC8}.Debug|x64.Build.0 = Debug|Any CPU
		{2091FB45-9225-48D6-8EA3-DBC5A55DDBC8}.Debug|x86.ActiveCfg = Debug|Any CPU
		{2091FB45-9225-48D6-8EA3-DBC5A55DDBC8}.Debug|x86.Build.0 = Debug|Any CPU
		{2091FB45-9225-48D6-8EA3-DBC5A55DDBC8}.Release|Any CPU.ActiveCfg = Release|Any CPU
		{2091FB45-9225-48D6-8EA3-DBC5A55DDBC8}.Release|Any CPU.Build.0 = Release|Any CPU
		{2091FB45-9225-48D6-8EA3-DBC5A55DDBC8}.Release|x64.ActiveCfg = Release|Any CPU
		{2091FB45-9225-48D6-8EA3-DBC5A55DDBC8}.Release|x64.Build.0 = Release|Any CPU
		{2091FB45-9225-48D6-8EA3-DBC5A55DDBC8}.Release|x86.ActiveCfg = Release|Any CPU
		{2091FB45-9225-48D6-8EA3-DBC5A55DDBC8}.Release|x86.Build.0 = Release|Any CPU
		{F5555B0D-C1B3-4408-9098-EC773629F7B5}.Debug|Any CPU.ActiveCfg = Debug|Any CPU
		{F5555B0D-C1B3-4408-9098-EC773629F7B5}.Debug|Any CPU.Build.0 = Debug|Any CPU
		{F5555B0D-C1B3-4408-9098-EC773629F7B5}.Debug|x64.ActiveCfg = Debug|Any CPU
		{F5555B0D-C1B3-4408-9098-EC773629F7B5}.Debug|x64.Build.0 = Debug|Any CPU
		{F5555B0D-C1B3-4408-9098-EC773629F7B5}.Debug|x86.ActiveCfg = Debug|Any CPU
		{F5555B0D-C1B3-4408-9098-EC773629F7B5}.Debug|x86.Build.0 = Debug|Any CPU
		{F5555B0D-C1B3-4408-9098-EC773629F7B5}.Release|Any CPU.ActiveCfg = Release|Any CPU
		{F5555B0D-C1B3-4408-9098-EC773629F7B5}.Release|Any CPU.Build.0 = Release|Any CPU
		{F5555B0D-C1B3-4408-9098-EC773629F7B5}.Release|x64.ActiveCfg = Release|Any CPU
		{F5555B0D-C1B3-4408-9098-EC773629F7B5}.Release|x64.Build.0 = Release|Any CPU
		{F5555B0D-C1B3-4408-9098-EC773629F7B5}.Release|x86.ActiveCfg = Release|Any CPU
		{F5555B0D-C1B3-4408-9098-EC773629F7B5}.Release|x86.Build.0 = Release|Any CPU
		{4F17209C-A87B-448C-94DA-E8A7F4D4888F}.Debug|Any CPU.ActiveCfg = Debug|Any CPU
		{4F17209C-A87B-448C-94DA-E8A7F4D4888F}.Debug|Any CPU.Build.0 = Debug|Any CPU
		{4F17209C-A87B-448C-94DA-E8A7F4D4888F}.Debug|x64.ActiveCfg = Debug|Any CPU
		{4F17209C-A87B-448C-94DA-E8A7F4D4888F}.Debug|x64.Build.0 = Debug|Any CPU
		{4F17209C-A87B-448C-94DA-E8A7F4D4888F}.Debug|x86.ActiveCfg = Debug|Any CPU
		{4F17209C-A87B-448C-94DA-E8A7F4D4888F}.Debug|x86.Build.0 = Debug|Any CPU
		{4F17209C-A87B-448C-94DA-E8A7F4D4888F}.Release|Any CPU.ActiveCfg = Release|Any CPU
		{4F17209C-A87B-448C-94DA-E8A7F4D4888F}.Release|Any CPU.Build.0 = Release|Any CPU
		{4F17209C-A87B-448C-94DA-E8A7F4D4888F}.Release|x64.ActiveCfg = Release|Any CPU
		{4F17209C-A87B-448C-94DA-E8A7F4D4888F}.Release|x64.Build.0 = Release|Any CPU
		{4F17209C-A87B-448C-94DA-E8A7F4D4888F}.Release|x86.ActiveCfg = Release|Any CPU
		{4F17209C-A87B-448C-94DA-E8A7F4D4888F}.Release|x86.Build.0 = Release|Any CPU
		{4D2ACA8F-3BDA-499A-9858-BDCCFB3F61CA}.Debug|Any CPU.ActiveCfg = Debug|Any CPU
		{4D2ACA8F-3BDA-499A-9858-BDCCFB3F61CA}.Debug|Any CPU.Build.0 = Debug|Any CPU
		{4D2ACA8F-3BDA-499A-9858-BDCCFB3F61CA}.Debug|x64.ActiveCfg = Debug|Any CPU
		{4D2ACA8F-3BDA-499A-9858-BDCCFB3F61CA}.Debug|x64.Build.0 = Debug|Any CPU
		{4D2ACA8F-3BDA-499A-9858-BDCCFB3F61CA}.Debug|x86.ActiveCfg = Debug|Any CPU
		{4D2ACA8F-3BDA-499A-9858-BDCCFB3F61CA}.Debug|x86.Build.0 = Debug|Any CPU
		{4D2ACA8F-3BDA-499A-9858-BDCCFB3F61CA}.Release|Any CPU.ActiveCfg = Release|Any CPU
		{4D2ACA8F-3BDA-499A-9858-BDCCFB3F61CA}.Release|Any CPU.Build.0 = Release|Any CPU
		{4D2ACA8F-3BDA-499A-9858-BDCCFB3F61CA}.Release|x64.ActiveCfg = Release|Any CPU
		{4D2ACA8F-3BDA-499A-9858-BDCCFB3F61CA}.Release|x64.Build.0 = Release|Any CPU
		{4D2ACA8F-3BDA-499A-9858-BDCCFB3F61CA}.Release|x86.ActiveCfg = Release|Any CPU
		{4D2ACA8F-3BDA-499A-9858-BDCCFB3F61CA}.Release|x86.Build.0 = Release|Any CPU
		{6AAA4A38-7024-4620-B6C8-69EFA2221951}.Debug|Any CPU.ActiveCfg = Debug|Any CPU
		{6AAA4A38-7024-4620-B6C8-69EFA2221951}.Debug|Any CPU.Build.0 = Debug|Any CPU
		{6AAA4A38-7024-4620-B6C8-69EFA2221951}.Debug|x64.ActiveCfg = Debug|Any CPU
		{6AAA4A38-7024-4620-B6C8-69EFA2221951}.Debug|x64.Build.0 = Debug|Any CPU
		{6AAA4A38-7024-4620-B6C8-69EFA2221951}.Debug|x86.ActiveCfg = Debug|Any CPU
		{6AAA4A38-7024-4620-B6C8-69EFA2221951}.Debug|x86.Build.0 = Debug|Any CPU
		{6AAA4A38-7024-4620-B6C8-69EFA2221951}.Release|Any CPU.ActiveCfg = Release|Any CPU
		{6AAA4A38-7024-4620-B6C8-69EFA2221951}.Release|Any CPU.Build.0 = Release|Any CPU
		{6AAA4A38-7024-4620-B6C8-69EFA2221951}.Release|x64.ActiveCfg = Release|Any CPU
		{6AAA4A38-7024-4620-B6C8-69EFA2221951}.Release|x64.Build.0 = Release|Any CPU
		{6AAA4A38-7024-4620-B6C8-69EFA2221951}.Release|x86.ActiveCfg = Release|Any CPU
		{6AAA4A38-7024-4620-B6C8-69EFA2221951}.Release|x86.Build.0 = Release|Any CPU
		{3E9748FD-C7DF-4170-8A04-1C44F40BD630}.Debug|Any CPU.ActiveCfg = Debug|Any CPU
		{3E9748FD-C7DF-4170-8A04-1C44F40BD630}.Debug|Any CPU.Build.0 = Debug|Any CPU
		{3E9748FD-C7DF-4170-8A04-1C44F40BD630}.Debug|x64.ActiveCfg = Debug|Any CPU
		{3E9748FD-C7DF-4170-8A04-1C44F40BD630}.Debug|x64.Build.0 = Debug|Any CPU
		{3E9748FD-C7DF-4170-8A04-1C44F40BD630}.Debug|x86.ActiveCfg = Debug|Any CPU
		{3E9748FD-C7DF-4170-8A04-1C44F40BD630}.Debug|x86.Build.0 = Debug|Any CPU
		{3E9748FD-C7DF-4170-8A04-1C44F40BD630}.Release|Any CPU.ActiveCfg = Release|Any CPU
		{3E9748FD-C7DF-4170-8A04-1C44F40BD630}.Release|Any CPU.Build.0 = Release|Any CPU
		{3E9748FD-C7DF-4170-8A04-1C44F40BD630}.Release|x64.ActiveCfg = Release|Any CPU
		{3E9748FD-C7DF-4170-8A04-1C44F40BD630}.Release|x64.Build.0 = Release|Any CPU
		{3E9748FD-C7DF-4170-8A04-1C44F40BD630}.Release|x86.ActiveCfg = Release|Any CPU
		{3E9748FD-C7DF-4170-8A04-1C44F40BD630}.Release|x86.Build.0 = Release|Any CPU
		{E8A07BA0-7FE2-4C57-9BF4-09654E0E10C3}.Debug|Any CPU.ActiveCfg = Debug|Any CPU
		{E8A07BA0-7FE2-4C57-9BF4-09654E0E10C3}.Debug|Any CPU.Build.0 = Debug|Any CPU
		{E8A07BA0-7FE2-4C57-9BF4-09654E0E10C3}.Debug|x64.ActiveCfg = Debug|Any CPU
		{E8A07BA0-7FE2-4C57-9BF4-09654E0E10C3}.Debug|x64.Build.0 = Debug|Any CPU
		{E8A07BA0-7FE2-4C57-9BF4-09654E0E10C3}.Debug|x86.ActiveCfg = Debug|Any CPU
		{E8A07BA0-7FE2-4C57-9BF4-09654E0E10C3}.Debug|x86.Build.0 = Debug|Any CPU
		{E8A07BA0-7FE2-4C57-9BF4-09654E0E10C3}.Release|Any CPU.ActiveCfg = Release|Any CPU
		{E8A07BA0-7FE2-4C57-9BF4-09654E0E10C3}.Release|Any CPU.Build.0 = Release|Any CPU
		{E8A07BA0-7FE2-4C57-9BF4-09654E0E10C3}.Release|x64.ActiveCfg = Release|Any CPU
		{E8A07BA0-7FE2-4C57-9BF4-09654E0E10C3}.Release|x64.Build.0 = Release|Any CPU
		{E8A07BA0-7FE2-4C57-9BF4-09654E0E10C3}.Release|x86.ActiveCfg = Release|Any CPU
		{E8A07BA0-7FE2-4C57-9BF4-09654E0E10C3}.Release|x86.Build.0 = Release|Any CPU
		{0E788630-1923-4F68-A5F1-9B02AA6541BA}.Debug|Any CPU.ActiveCfg = Debug|Any CPU
		{0E788630-1923-4F68-A5F1-9B02AA6541BA}.Debug|Any CPU.Build.0 = Debug|Any CPU
		{0E788630-1923-4F68-A5F1-9B02AA6541BA}.Debug|x64.ActiveCfg = Debug|Any CPU
		{0E788630-1923-4F68-A5F1-9B02AA6541BA}.Debug|x64.Build.0 = Debug|Any CPU
		{0E788630-1923-4F68-A5F1-9B02AA6541BA}.Debug|x86.ActiveCfg = Debug|Any CPU
		{0E788630-1923-4F68-A5F1-9B02AA6541BA}.Debug|x86.Build.0 = Debug|Any CPU
		{0E788630-1923-4F68-A5F1-9B02AA6541BA}.Release|Any CPU.ActiveCfg = Release|Any CPU
		{0E788630-1923-4F68-A5F1-9B02AA6541BA}.Release|Any CPU.Build.0 = Release|Any CPU
		{0E788630-1923-4F68-A5F1-9B02AA6541BA}.Release|x64.ActiveCfg = Release|Any CPU
		{0E788630-1923-4F68-A5F1-9B02AA6541BA}.Release|x64.Build.0 = Release|Any CPU
		{0E788630-1923-4F68-A5F1-9B02AA6541BA}.Release|x86.ActiveCfg = Release|Any CPU
		{0E788630-1923-4F68-A5F1-9B02AA6541BA}.Release|x86.Build.0 = Release|Any CPU
	EndGlobalSection
	GlobalSection(SolutionProperties) = preSolution
		HideSolutionNode = FALSE
	EndGlobalSection
	GlobalSection(NestedProjects) = preSolution
		{0BD95622-57BA-446D-B1E2-CAE7AA69F62D} = {827E0CD3-B72D-47B6-A68D-7590B98EB39B}
		{D0D74181-296E-4218-A4B0-0F0405EEED0D} = {9123F88B-E531-3118-42D7-ED8CEF4BD00E}
		{188B82C3-9AAF-4806-BC5E-BB4FF95E7AD1} = {827E0CD3-B72D-47B6-A68D-7590B98EB39B}
		{1B7CF385-B710-4F51-ACFE-3DF9E0180906} = {9123F88B-E531-3118-42D7-ED8CEF4BD00E}
		{32D7848B-BE31-4CBC-A829-B5FE6F429F61} = {827E0CD3-B72D-47B6-A68D-7590B98EB39B}
		{1D3734A0-8D77-4CBE-A700-D98D96CC6D0A} = {9123F88B-E531-3118-42D7-ED8CEF4BD00E}
		{2091FB45-9225-48D6-8EA3-DBC5A55DDBC8} = {827E0CD3-B72D-47B6-A68D-7590B98EB39B}
		{F5555B0D-C1B3-4408-9098-EC773629F7B5} = {9123F88B-E531-3118-42D7-ED8CEF4BD00E}
		{5F06BBCD-3BB7-91E0-C8ED-BC7E03BE1E38} = {827E0CD3-B72D-47B6-A68D-7590B98EB39B}
		{4F17209C-A87B-448C-94DA-E8A7F4D4888F} = {5F06BBCD-3BB7-91E0-C8ED-BC7E03BE1E38}
		{4D2ACA8F-3BDA-499A-9858-BDCCFB3F61CA} = {9123F88B-E531-3118-42D7-ED8CEF4BD00E}
		{6AAA4A38-7024-4620-B6C8-69EFA2221951} = {5F06BBCD-3BB7-91E0-C8ED-BC7E03BE1E38}
		{6B5E8DD5-7CDE-5DCD-DBFC-024B64A4D11F} = {827E0CD3-B72D-47B6-A68D-7590B98EB39B}
		{3E9748FD-C7DF-4170-8A04-1C44F40BD630} = {6B5E8DD5-7CDE-5DCD-DBFC-024B64A4D11F}
		{E8A07BA0-7FE2-4C57-9BF4-09654E0E10C3} = {6B5E8DD5-7CDE-5DCD-DBFC-024B64A4D11F}
		{9A059CF2-CB8C-6AD0-B806-FC2A4BC431C3} = {827E0CD3-B72D-47B6-A68D-7590B98EB39B}
		{0E788630-1923-4F68-A5F1-9B02AA6541BA} = {9A059CF2-CB8C-6AD0-B806-FC2A4BC431C3}
	EndGlobalSection
	GlobalSection(ExtensibilityGlobals) = postSolution
		SolutionGuid = {5C3E331F-D6FC-47D6-A075-2FAAB6B3B085}
	EndGlobalSection
EndGlobal
